<?xml version="1.0" encoding="utf-8"?>
<Project ToolsVersion="4.0" xmlns="http://schemas.microsoft.com/developer/msbuild/2003">
  <ItemGroup>
    <Filter Include="Source Files">
      <UniqueIdentifier>{4FC737F1-C7A5-4376-A066-2A32D752A2FF}</UniqueIdentifier>
      <Extensions>cpp;c;cc;cxx;def;odl;idl;hpj;bat;asm;asmx</Extensions>
    </Filter>
    <Filter Include="Header Files">
      <UniqueIdentifier>{93995380-89BD-4b04-88EB-625FBE52EBFB}</UniqueIdentifier>
      <Extensions>h;hh;hpp;hxx;hm;inl;inc;ipp;xsd</Extensions>
    </Filter>
    <Filter Include="Resource Files">
      <UniqueIdentifier>{67DA6AB6-F800-4c08-8B7A-83BB121AAD01}</UniqueIdentifier>
      <Extensions>rc;ico;cur;bmp;dlg;rc2;rct;bin;rgs;gif;jpg;jpeg;jpe;resx;tiff;tif;png;wav;mfcribbon-ms</Extensions>
    </Filter>
    <Filter Include="Header Files\Game Screens">
      <UniqueIdentifier>{53ef106e-e8e0-4820-91cc-1cc1e3c42df4}</UniqueIdentifier>
    </Filter>
    <Filter Include="Source Files\Game Screens">
      <UniqueIdentifier>{b1637bc1-f2ed-439d-b2e2-addaf20ec1b4}</UniqueIdentifier>
    </Filter>
    <Filter Include="Source Files\LevelEditor">
      <UniqueIdentifier>{4aed2eea-ba10-461c-adc0-e4afdd1abe2a}</UniqueIdentifier>
    </Filter>
    <Filter Include="Header Files\LevelEditor">
      <UniqueIdentifier>{1c4dd175-0934-4e7d-bdd7-35eabe5d7e3d}</UniqueIdentifier>
    </Filter>
    <Filter Include="Source Files\Reworked Characters">
      <UniqueIdentifier>{84b27787-6c03-4115-8f6c-2d27f580375b}</UniqueIdentifier>
    </Filter>
    <Filter Include="Header Files\Reworked Characters">
      <UniqueIdentifier>{321de5dc-018d-4539-ba2a-e3c563548b27}</UniqueIdentifier>
    </Filter>
  </ItemGroup>
  <ItemGroup>
    <ClCompile Include="src\Collisions.cpp">
      <Filter>Source Files</Filter>
    </ClCompile>
    <ClCompile Include="src\Source.cpp">
      <Filter>Source Files</Filter>
    </ClCompile>
    <ClCompile Include="src\Texture2D.cpp">
      <Filter>Source Files</Filter>
    </ClCompile>
    <ClCompile Include="SoundEffect.cpp">
      <Filter>Source Files</Filter>
    </ClCompile>
    <ClCompile Include="src\Text.cpp">
      <Filter>Source Files</Filter>
    </ClCompile>
    <ClCompile Include="src\GameScreen.cpp">
      <Filter>Source Files\Game Screens</Filter>
    </ClCompile>
    <ClCompile Include="src\GameScreenLevel1.cpp">
      <Filter>Source Files\Game Screens</Filter>
    </ClCompile>
    <ClCompile Include="src\GameScreenMainMenu.cpp">
      <Filter>Source Files\Game Screens</Filter>
    </ClCompile>
    <ClCompile Include="src\GameScreenManager.cpp">
      <Filter>Source Files\Game Screens</Filter>
    </ClCompile>
    <ClCompile Include="src\LevelMap.cpp">
      <Filter>Source Files</Filter>
    </ClCompile>
    <ClCompile Include="src\Tile.cpp">
      <Filter>Source Files\LevelEditor</Filter>
    </ClCompile>
    <ClCompile Include="src\GameScreenLevelEditor.cpp">
      <Filter>Source Files\Game Screens</Filter>
    </ClCompile>
    <ClCompile Include="src\GameScreenLevel2.cpp">
      <Filter>Source Files\Game Screens</Filter>
    </ClCompile>
    <ClCompile Include="src\Entity.cpp">
      <Filter>Source Files\Reworked Characters</Filter>
    </ClCompile>
    <ClCompile Include="src\Entity_Mario.cpp">
      <Filter>Source Files\Reworked Characters</Filter>
    </ClCompile>
    <ClCompile Include="src\Entity_Koopa.cpp">
      <Filter>Source Files\Reworked Characters</Filter>
    </ClCompile>
    <ClCompile Include="src\Tile_POW.cpp">
      <Filter>Source Files\LevelEditor</Filter>
    </ClCompile>
    <ClCompile Include="src\Tile_Coin.cpp">
      <Filter>Source Files\LevelEditor</Filter>
    </ClCompile>
    <ClCompile Include="src\GameScreenGameOver.cpp">
      <Filter>Source Files\Game Screens</Filter>
    </ClCompile>
  </ItemGroup>
  <ItemGroup>
    <Library Include="src\Libs\SDL\SDL2.lib" />
    <Library Include="src\Libs\SDL\SDL2_image.lib" />
    <Library Include="src\Libs\SDL\SDL2_mixer.lib" />
    <Library Include="src\Libs\SDL\SDL2main.lib" />
    <Library Include="src\Libs\SDL\SDL2_ttf.lib" />
  </ItemGroup>
  <ItemGroup>
    <ClInclude Include="src\Texture2D.h">
      <Filter>Header Files</Filter>
    </ClInclude>
    <ClInclude Include="src\Collisions.h">
      <Filter>Header Files</Filter>
    </ClInclude>
    <ClInclude Include="src\Commons.h">
      <Filter>Header Files</Filter>
    </ClInclude>
    <ClInclude Include="src\Constants.h">
      <Filter>Header Files</Filter>
    </ClInclude>
    <ClInclude Include="src\LevelMap.h">
      <Filter>Header Files</Filter>
    </ClInclude>
    <ClInclude Include="SoundEffect.h">
      <Filter>Header Files</Filter>
    </ClInclude>
    <ClInclude Include="src\Text.h">
      <Filter>Header Files</Filter>
    </ClInclude>
    <ClInclude Include="src\GameScreen.h">
      <Filter>Header Files\Game Screens</Filter>
    </ClInclude>
    <ClInclude Include="src\GameScreenLevel1.h">
      <Filter>Header Files\Game Screens</Filter>
    </ClInclude>
    <ClInclude Include="src\GameScreenMainMenu.h">
      <Filter>Header Files\Game Screens</Filter>
    </ClInclude>
    <ClInclude Include="src\GameScreenManager.h">
      <Filter>Header Files\Game Screens</Filter>
    </ClInclude>
    <ClInclude Include="src\Tile.h">
      <Filter>Header Files\LevelEditor</Filter>
    </ClInclude>
    <ClInclude Include="src\GameScreenLevelEditor.h">
      <Filter>Header Files\Game Screens</Filter>
    </ClInclude>
    <ClInclude Include="src\GameScreenLevel2.h">
      <Filter>Header Files\Game Screens</Filter>
    </ClInclude>
    <ClInclude Include="src\Entity.h">
      <Filter>Header Files\Reworked Characters</Filter>
    </ClInclude>
    <ClInclude Include="src\Entity_Mario.h">
      <Filter>Header Files\Reworked Characters</Filter>
    </ClInclude>
    <ClInclude Include="src\Entity_Koopa.h">
      <Filter>Header Files\Reworked Characters</Filter>
    </ClInclude>
    <ClInclude Include="src\Tile_POW.h">
      <Filter>Header Files\LevelEditor</Filter>
    </ClInclude>
    <ClInclude Include="resource.h">
      <Filter>Header Files</Filter>
    </ClInclude>
    <ClInclude Include="src\Tile_Coin.h">
      <Filter>Header Files\LevelEditor</Filter>
    </ClInclude>
    <ClInclude Include="src\GameScreenGameOver.h">
      <Filter>Header Files\Game Screens</Filter>
    </ClInclude>
  </ItemGroup>
  <ItemGroup>
    <ResourceCompile Include="VeniVidiDaVinci.rc">
      <Filter>Resource Files</Filter>
    </ResourceCompile>
  </ItemGroup>
</Project>